#MicroXplorer Configuration settings - do not modify
CAD.formats=[]
CAD.pinconfig=Project naming
CAD.provider=
FREERTOS.FootprintOK=true
FREERTOS.IPParameters=Tasks01,configUSE_NEWLIB_REENTRANT,Queues01,FootprintOK
FREERTOS.Queues01=messageQueue,30,queueMess_t,0,Dynamic,NULL,NULL
FREERTOS.Tasks01=receiveData,24,128,StartreceiveDataTask,Default,NULL,Dynamic,NULL,NULL;parseData,8,128,StartParseDataTask,Default,NULL,Dynamic,NULL,NULL;ledControl,8,128,StartledControl,Default,NULL,Dynamic,NULL,NULL
FREERTOS.configUSE_NEWLIB_REENTRANT=1
File.Version=6
GPIO.groupedBy=Group By Peripherals
KeepUserPlacement=false
Mcu.CPN=STM32F401RET6
Mcu.Family=STM32F4
Mcu.IP0=FREERTOS
Mcu.IP1=NVIC
Mcu.IP2=RCC
Mcu.IP3=SYS
Mcu.IP4=USART2
Mcu.IPNb=5
Mcu.Name=STM32F401R(D-E)Tx
Mcu.Package=LQFP64
Mcu.Pin0=PC13-ANTI_TAMP
Mcu.Pin1=PA2
Mcu.Pin2=PA3
Mcu.Pin3=PA5
Mcu.Pin4=VP_FREERTOS_VS_CMSIS_V2
Mcu.Pin5=VP_SYS_VS_Systick
Mcu.PinsNb=6
Mcu.ThirdPartyNb=0
Mcu.UserConstants=
Mcu.UserName=STM32F401RETx
MxCube.Version=6.8.0
MxDb.Version=DB.6.0.80
NVIC.BusFault_IRQn=true\:0\:0\:false\:false\:true\:false\:false\:false\:false
NVIC.DebugMonitor_IRQn=true\:0\:0\:false\:false\:true\:false\:false\:false\:false
NVIC.ForceEnableDMAVector=true
NVIC.HardFault_IRQn=true\:0\:0\:false\:false\:true\:false\:false\:false\:false
NVIC.MemoryManagement_IRQn=true\:0\:0\:false\:false\:true\:false\:false\:false\:false
NVIC.NonMaskableInt_IRQn=true\:0\:0\:false\:false\:true\:false\:false\:false\:false
NVIC.PendSV_IRQn=true\:15\:0\:false\:false\:false\:true\:false\:false\:false
NVIC.PriorityGroup=NVIC_PRIORITYGROUP_4
NVIC.SVCall_IRQn=true\:0\:0\:false\:false\:false\:false\:false\:false\:false
NVIC.SavedPendsvIrqHandlerGenerated=true
NVIC.SavedSvcallIrqHandlerGenerated=true
NVIC.SavedSystickIrqHandlerGenerated=true
NVIC.SysTick_IRQn=true\:15\:0\:false\:false\:true\:true\:false\:true\:false
NVIC.UsageFault_IRQn=true\:0\:0\:false\:false\:true\:false\:false\:false\:false
PA2.Mode=Asynchronous
PA2.Signal=USART2_TX
PA3.Mode=Asynchronous
PA3.Signal=USART2_RX
PA5.Locked=true
PA5.Signal=GPIO_Output
PC13-ANTI_TAMP.Locked=true
PC13-ANTI_TAMP.Signal=GPIO_Input
PCC.Checker=false
PCC.Line=STM32F401
PCC.MCU=STM32F401R(D-E)Tx
PCC.PartNumber=STM32F401RETx
PCC.Seq0=3
PCC.Seq0.Step0.Average_Current=21.6 mA
PCC.Seq0.Step0.CPU_Frequency=84 MHz
PCC.Seq0.Step0.Category=In DS Table
PCC.Seq0.Step0.DMIPS=105.0
PCC.Seq0.Step0.Duration=0.1 ms
PCC.Seq0.Step0.Frequency=4 MHz
PCC.Seq0.Step0.Memory=FLASH/ART/PREFETCH
PCC.Seq0.Step0.Mode=RUN
PCC.Seq0.Step0.Oscillator=HSE PLL
PCC.Seq0.Step0.Peripherals=
PCC.Seq0.Step0.TaMax=101.44
PCC.Seq0.Step0.User's_Consumption=0 mA
PCC.Seq0.Step0.Vcore=Scale2-Medium
PCC.Seq0.Step0.Vdd=3.3
PCC.Seq0.Step0.Voltage_Source=Battery
PCC.Seq0.Step1.Average_Current=2.73 mA
PCC.Seq0.Step1.CPU_Frequency=20 MHz
PCC.Seq0.Step1.Category=In DS Table
PCC.Seq0.Step1.DMIPS=25.0
PCC.Seq0.Step1.Duration=1 ms
PCC.Seq0.Step1.Frequency=20 MHz
PCC.Seq0.Step1.Memory=RAM/FLASH
PCC.Seq0.Step1.Mode=SLEEP
PCC.Seq0.Step1.Oscillator=HSE
PCC.Seq0.Step1.Peripherals=GPIOC
PCC.Seq0.Step1.TaMax=104.55
PCC.Seq0.Step1.User's_Consumption=0 mA
PCC.Seq0.Step1.Vcore=Scale3-Low
PCC.Seq0.Step1.Vdd=3.3
PCC.Seq0.Step1.Voltage_Source=Battery
PCC.Seq0.Step2.Average_Current=10 \u00B5A
PCC.Seq0.Step2.CPU_Frequency=0 Hz
PCC.Seq0.Step2.Category=In DS Table
PCC.Seq0.Step2.DMIPS=0.0
PCC.Seq0.Step2.Duration=0.9 ms
PCC.Seq0.Step2.Frequency=0 Hz
PCC.Seq0.Step2.Memory=n/a
PCC.Seq0.Step2.Mode=STOP
PCC.Seq0.Step2.Oscillator=Regulator_LPLV Flash-PwrDwn
PCC.Seq0.Step2.Peripherals=
PCC.Seq0.Step2.TaMax=105
PCC.Seq0.Step2.User's_Consumption=0 mA
PCC.Seq0.Step2.Vcore=No Scale
PCC.Seq0.Step2.Vdd=3.3
PCC.Seq0.Step2.Voltage_Source=Battery
PCC.Series=STM32F4
PCC.Temperature=25
PCC.Vdd=3.3
PinOutPanel.RotationAngle=0
ProjectManager.AskForMigrate=true
ProjectManager.BackupPrevious=false
ProjectManager.CompilerOptimize=6
ProjectManager.ComputerToolchain=false
ProjectManager.CoupleFile=false
ProjectManager.CustomerFirmwarePackage=
ProjectManager.DefaultFWLocation=true
ProjectManager.DeletePrevious=true
ProjectManager.DeviceId=STM32F401RETx
ProjectManager.FirmwarePackage=STM32Cube FW_F4 V1.27.1
ProjectManager.FreePins=false
ProjectManager.HalAssertFull=false
ProjectManager.HeapSize=0x200
ProjectManager.KeepUserCode=true
ProjectManager.LastFirmware=true
ProjectManager.LibraryCopy=1
ProjectManager.MainLocation=Core/Src
ProjectManager.NoMain=false
ProjectManager.PreviousToolchain=
ProjectManager.ProjectBuild=false
ProjectManager.ProjectFileName=F401RE_ASYN_UART.ioc
ProjectManager.ProjectName=F401RE_ASYN_UART
ProjectManager.ProjectStructure=
ProjectManager.RegisterCallBack=
ProjectManager.StackSize=0x400
ProjectManager.TargetToolchain=STM32CubeIDE
ProjectManager.ToolChainLocation=
ProjectManager.UnderRoot=true
ProjectManager.functionlistsort=1-SystemClock_Config-RCC-false-HAL-false,2-MX_GPIO_Init-GPIO-false-HAL-true,3-MX_USART2_UART_Init-USART2-false-HAL-true
RCC.AHBFreq_Value=16000000
RCC.APB1Freq_Value=16000000
RCC.APB2Freq_Value=16000000
RCC.CortexFreq_Value=16000000
RCC.HSE_VALUE=25000000
RCC.HSI_VALUE=16000000
RCC.I2SClocksFreq_Value=96000000
RCC.IPParameters=AHBFreq_Value,APB1Freq_Value,APB2Freq_Value,CortexFreq_Value,HSE_VALUE,HSI_VALUE,I2SClocksFreq_Value,LSE_VALUE,LSI_VALUE,PLLCLKFreq_Value,PLLQCLKFreq_Value,RTCFreq_Value,RTCHSEDivFreq_Value,SYSCLKFreq_VALUE,VCOI2SOutputFreq_Value,VCOInputFreq_Value,VCOOutputFreq_Value,VcooutputI2S
RCC.LSE_VALUE=32768
RCC.LSI_VALUE=32000
RCC.PLLCLKFreq_Value=96000000
RCC.PLLQCLKFreq_Value=48000000
RCC.RTCFreq_Value=32000
RCC.RTCHSEDivFreq_Value=12500000
RCC.SYSCLKFreq_VALUE=16000000
RCC.VCOI2SOutputFreq_Value=192000000
RCC.VCOInputFreq_Value=1000000
RCC.VCOOutputFreq_Value=192000000
RCC.VcooutputI2S=96000000
USART2.BaudRate=115200
USART2.IPParameters=VirtualMode,BaudRate,OverSampling
USART2.OverSampling=UART_OVERSAMPLING_16
USART2.VirtualMode=VM_ASYNC
VP_FREERTOS_VS_CMSIS_V2.Mode=CMSIS_V2
VP_FREERTOS_VS_CMSIS_V2.Signal=FREERTOS_VS_CMSIS_V2
VP_SYS_VS_Systick.Mode=SysTick
VP_SYS_VS_Systick.Signal=SYS_VS_Systick
board=custom
rtos.0.ip=FREERTOS
isbadioc=false
